
Microsoft Visual Studio Solution File, Format Version 12.00
Project("{FAE04EC0-301F-11D3-BF4B-00C04F79EFBC}") = "ACadWithLibrery.ACadSharp", "ACadWithLibrery.ACadSharp\ACadWithLibrery.ACadSharp.csproj", "{9D460D2D-263A-4498-B433-0A0B16C4D60B}"
EndProject
Project("{FAE04EC0-301F-11D3-BF4B-00C04F79EFBC}") = "ACadSharp", "C:\workspace\ACadSharp\ACadSharp\ACadSharp.csproj", "{89F61E70-9522-4F6E-826F-B4715E47810C}"
EndProject
Global
	GlobalSection(SolutionConfigurationPlatforms) = preSolution
		Debug|Any CPU = Debug|Any CPU
		Release|Any CPU = Release|Any CPU
	EndGlobalSection
	GlobalSection(ProjectConfigurationPlatforms) = postSolution
		{9D460D2D-263A-4498-B433-0A0B16C4D60B}.Debug|Any CPU.ActiveCfg = Debug|Any CPU
		{9D460D2D-263A-4498-B433-0A0B16C4D60B}.Debug|Any CPU.Build.0 = Debug|Any CPU
		{9D460D2D-263A-4498-B433-0A0B16C4D60B}.Release|Any CPU.ActiveCfg = Release|Any CPU
		{9D460D2D-263A-4498-B433-0A0B16C4D60B}.Release|Any CPU.Build.0 = Release|Any CPU
		{89F61E70-9522-4F6E-826F-B4715E47810C}.Debug|Any CPU.ActiveCfg = Debug|Any CPU
		{89F61E70-9522-4F6E-826F-B4715E47810C}.Debug|Any CPU.Build.0 = Debug|Any CPU
		{89F61E70-9522-4F6E-826F-B4715E47810C}.Release|Any CPU.ActiveCfg = Release|Any CPU
		{89F61E70-9522-4F6E-826F-B4715E47810C}.Release|Any CPU.Build.0 = Release|Any CPU
	EndGlobalSection
EndGlobal
